// !$*UTF8*$!
{
	archiveVersion = 1;
	classes = {
	};
	objectVersion = 50;
	objects = {

/* Begin PBXBuildFile section */
		101154969B76CBE7F58A5DD9 /* Pods_DostawemoTests.framework in Frameworks */ = {isa = PBXBuildFile; fileRef = D94B473B698469464E791188 /* Pods_DostawemoTests.framework */; };
		4CED5F3ADAADE64E1096C7A2 /* Pods_Dostawemo.framework in Frameworks */ = {isa = PBXBuildFile; fileRef = 7CA644DD287F483AD93C4072 /* Pods_Dostawemo.framework */; };
		79AD9D76E9C5FE47615DADE5 /* Pods_DostawemoUITests.framework in Frameworks */ = {isa = PBXBuildFile; fileRef = 962A6543813FE14821B6FD47 /* Pods_DostawemoUITests.framework */; };
		E84B823422AA54240057EB4B /* ProductTableViewController.swift in Sources */ = {isa = PBXBuildFile; fileRef = E84B823222AA54240057EB4B /* ProductTableViewController.swift */; };
		E84B823522AA54240057EB4B /* ProductTableViewController.xib in Resources */ = {isa = PBXBuildFile; fileRef = E84B823322AA54240057EB4B /* ProductTableViewController.xib */; };
		E84B823A22AA56AB0057EB4B /* ProductPreviewTableViewCell.swift in Sources */ = {isa = PBXBuildFile; fileRef = E84B823822AA56AB0057EB4B /* ProductPreviewTableViewCell.swift */; };
		E84B823B22AA56AB0057EB4B /* ProductPreviewTableViewCell.xib in Resources */ = {isa = PBXBuildFile; fileRef = E84B823922AA56AB0057EB4B /* ProductPreviewTableViewCell.xib */; };
		E84B823D22AA59590057EB4B /* UITableViewCell+Extension.swift in Sources */ = {isa = PBXBuildFile; fileRef = E84B823C22AA59590057EB4B /* UITableViewCell+Extension.swift */; };
		E84B823F22AA5D9B0057EB4B /* ProductViewModel.swift in Sources */ = {isa = PBXBuildFile; fileRef = E84B823E22AA5D9B0057EB4B /* ProductViewModel.swift */; };
		E84B824522AA64450057EB4B /* PriceTableViewCell.swift in Sources */ = {isa = PBXBuildFile; fileRef = E84B824322AA64450057EB4B /* PriceTableViewCell.swift */; };
		E84B824622AA64450057EB4B /* PriceTableViewCell.xib in Resources */ = {isa = PBXBuildFile; fileRef = E84B824422AA64450057EB4B /* PriceTableViewCell.xib */; };
		E88ED98F22AE4E2500F9F3BC /* String+Extension.swift in Sources */ = {isa = PBXBuildFile; fileRef = E88ED98E22AE4E2500F9F3BC /* String+Extension.swift */; };
		E88ED99122AE521100F9F3BC /* UIImageView+Extension.swift in Sources */ = {isa = PBXBuildFile; fileRef = E88ED99022AE521100F9F3BC /* UIImageView+Extension.swift */; };
		E88ED99322AE558F00F9F3BC /* GoogleService-Info.plist in Resources */ = {isa = PBXBuildFile; fileRef = E88ED99222AE558F00F9F3BC /* GoogleService-Info.plist */; };
		E8EA28FE22A659D9000DF441 /* AppDelegate.swift in Sources */ = {isa = PBXBuildFile; fileRef = E8EA28FD22A659D9000DF441 /* AppDelegate.swift */; };
		E8EA290322A659D9000DF441 /* Main.storyboard in Resources */ = {isa = PBXBuildFile; fileRef = E8EA290122A659D9000DF441 /* Main.storyboard */; };
		E8EA290522A659DA000DF441 /* Assets.xcassets in Resources */ = {isa = PBXBuildFile; fileRef = E8EA290422A659DA000DF441 /* Assets.xcassets */; };
		E8EA290822A659DA000DF441 /* LaunchScreen.storyboard in Resources */ = {isa = PBXBuildFile; fileRef = E8EA290622A659DA000DF441 /* LaunchScreen.storyboard */; };
		E8EA291322A659DA000DF441 /* DostawemoTests.swift in Sources */ = {isa = PBXBuildFile; fileRef = E8EA291222A659DA000DF441 /* DostawemoTests.swift */; };
		E8EA291E22A659DA000DF441 /* DostawemoUITests.swift in Sources */ = {isa = PBXBuildFile; fileRef = E8EA291D22A659DA000DF441 /* DostawemoUITests.swift */; };
		E8EA293022A6644C000DF441 /* Search.storyboard in Resources */ = {isa = PBXBuildFile; fileRef = E8EA292F22A6644C000DF441 /* Search.storyboard */; };
		E8EA293322A6677F000DF441 /* SearchViewController.swift in Sources */ = {isa = PBXBuildFile; fileRef = E8EA293222A6677F000DF441 /* SearchViewController.swift */; };
		E8EA293522A6678D000DF441 /* SearchViewModel.swift in Sources */ = {isa = PBXBuildFile; fileRef = E8EA293422A6678D000DF441 /* SearchViewModel.swift */; };
		E8EA293822A6688B000DF441 /* UIImage+Extension.swift in Sources */ = {isa = PBXBuildFile; fileRef = E8EA293722A6688B000DF441 /* UIImage+Extension.swift */; };
		E8EA293B22A669D9000DF441 /* Basket.storyboard in Resources */ = {isa = PBXBuildFile; fileRef = E8EA293A22A669D9000DF441 /* Basket.storyboard */; };
		E8EA293E22A66A20000DF441 /* BasketSceneTableViewController.swift in Sources */ = {isa = PBXBuildFile; fileRef = E8EA293D22A66A20000DF441 /* BasketSceneTableViewController.swift */; };
		E8EA294D22A7BF89000DF441 /* Product.swift in Sources */ = {isa = PBXBuildFile; fileRef = E8EA294C22A7BF89000DF441 /* Product.swift */; };
		E8EA295022A7C401000DF441 /* TopProductsViewController.swift in Sources */ = {isa = PBXBuildFile; fileRef = E8EA294F22A7C401000DF441 /* TopProductsViewController.swift */; };
		E8EA295222A7C44B000DF441 /* TopProductsViewModel.swift in Sources */ = {isa = PBXBuildFile; fileRef = E8EA295122A7C44B000DF441 /* TopProductsViewModel.swift */; };
		E8EA295622A7C53E000DF441 /* TopProductCollectionViewCell.swift in Sources */ = {isa = PBXBuildFile; fileRef = E8EA295422A7C53E000DF441 /* TopProductCollectionViewCell.swift */; };
		E8EA295722A7C53E000DF441 /* TopProductCollectionViewCell.xib in Resources */ = {isa = PBXBuildFile; fileRef = E8EA295522A7C53E000DF441 /* TopProductCollectionViewCell.xib */; };
		E8EA295922A7CA40000DF441 /* UICollectionViewCell+Extension.swift in Sources */ = {isa = PBXBuildFile; fileRef = E8EA295822A7CA40000DF441 /* UICollectionViewCell+Extension.swift */; };
		E8EA295B22A90163000DF441 /* SearchCollectionViewHeader.swift in Sources */ = {isa = PBXBuildFile; fileRef = E8EA295A22A90163000DF441 /* SearchCollectionViewHeader.swift */; };
		E8EA295E22A90ACB000DF441 /* Account.storyboard in Resources */ = {isa = PBXBuildFile; fileRef = E8EA295D22A90ACB000DF441 /* Account.storyboard */; };
		E8EA296122A90E8C000DF441 /* CommentViewController.swift in Sources */ = {isa = PBXBuildFile; fileRef = E8EA296022A90E8C000DF441 /* CommentViewController.swift */; };
		E8EA296622A913F1000DF441 /* ProfileViewController.swift in Sources */ = {isa = PBXBuildFile; fileRef = E8EA296522A913F1000DF441 /* ProfileViewController.swift */; };
		E8EA296822A914DA000DF441 /* UILabel+Extension.swift in Sources */ = {isa = PBXBuildFile; fileRef = E8EA296722A914DA000DF441 /* UILabel+Extension.swift */; };
		E8EA296B22A91554000DF441 /* Config.swift in Sources */ = {isa = PBXBuildFile; fileRef = E8EA296A22A91554000DF441 /* Config.swift */; };
		E8EA296D22A916C9000DF441 /* UIViewController+Extension.swift in Sources */ = {isa = PBXBuildFile; fileRef = E8EA296C22A916C9000DF441 /* UIViewController+Extension.swift */; };
/* End PBXBuildFile section */

/* Begin PBXContainerItemProxy section */
		E8EA290F22A659DA000DF441 /* PBXContainerItemProxy */ = {
			isa = PBXContainerItemProxy;
			containerPortal = E8EA28F222A659D9000DF441 /* Project object */;
			proxyType = 1;
			remoteGlobalIDString = E8EA28F922A659D9000DF441;
			remoteInfo = Dostawemo;
		};
		E8EA291A22A659DA000DF441 /* PBXContainerItemProxy */ = {
			isa = PBXContainerItemProxy;
			containerPortal = E8EA28F222A659D9000DF441 /* Project object */;
			proxyType = 1;
			remoteGlobalIDString = E8EA28F922A659D9000DF441;
			remoteInfo = Dostawemo;
		};
/* End PBXContainerItemProxy section */

/* Begin PBXFileReference section */
		2540563B17967FB06BF8C4E4 /* Pods-DostawemoTests.release.xcconfig */ = {isa = PBXFileReference; includeInIndex = 1; lastKnownFileType = text.xcconfig; name = "Pods-DostawemoTests.release.xcconfig"; path = "Target Support Files/Pods-DostawemoTests/Pods-DostawemoTests.release.xcconfig"; sourceTree = "<group>"; };
		32C0199B80860C415CF7E77A /* Pods-Dostawemo.debug.xcconfig */ = {isa = PBXFileReference; includeInIndex = 1; lastKnownFileType = text.xcconfig; name = "Pods-Dostawemo.debug.xcconfig"; path = "Target Support Files/Pods-Dostawemo/Pods-Dostawemo.debug.xcconfig"; sourceTree = "<group>"; };
		358F237C3F22C4CD79E665B1 /* Pods-DostawemoUITests.debug.xcconfig */ = {isa = PBXFileReference; includeInIndex = 1; lastKnownFileType = text.xcconfig; name = "Pods-DostawemoUITests.debug.xcconfig"; path = "Target Support Files/Pods-DostawemoUITests/Pods-DostawemoUITests.debug.xcconfig"; sourceTree = "<group>"; };
		7CA644DD287F483AD93C4072 /* Pods_Dostawemo.framework */ = {isa = PBXFileReference; explicitFileType = wrapper.framework; includeInIndex = 0; path = Pods_Dostawemo.framework; sourceTree = BUILT_PRODUCTS_DIR; };
		962A6543813FE14821B6FD47 /* Pods_DostawemoUITests.framework */ = {isa = PBXFileReference; explicitFileType = wrapper.framework; includeInIndex = 0; path = Pods_DostawemoUITests.framework; sourceTree = BUILT_PRODUCTS_DIR; };
		ADFFE4BD4798B3A8CEB349A1 /* Pods-DostawemoTests.debug.xcconfig */ = {isa = PBXFileReference; includeInIndex = 1; lastKnownFileType = text.xcconfig; name = "Pods-DostawemoTests.debug.xcconfig"; path = "Target Support Files/Pods-DostawemoTests/Pods-DostawemoTests.debug.xcconfig"; sourceTree = "<group>"; };
		B259B473CD9EF10EEF221D01 /* Pods-DostawemoUITests.release.xcconfig */ = {isa = PBXFileReference; includeInIndex = 1; lastKnownFileType = text.xcconfig; name = "Pods-DostawemoUITests.release.xcconfig"; path = "Target Support Files/Pods-DostawemoUITests/Pods-DostawemoUITests.release.xcconfig"; sourceTree = "<group>"; };
		D94B473B698469464E791188 /* Pods_DostawemoTests.framework */ = {isa = PBXFileReference; explicitFileType = wrapper.framework; includeInIndex = 0; path = Pods_DostawemoTests.framework; sourceTree = BUILT_PRODUCTS_DIR; };
		E644248681CA2E53A09E27C9 /* Pods-Dostawemo.release.xcconfig */ = {isa = PBXFileReference; includeInIndex = 1; lastKnownFileType = text.xcconfig; name = "Pods-Dostawemo.release.xcconfig"; path = "Target Support Files/Pods-Dostawemo/Pods-Dostawemo.release.xcconfig"; sourceTree = "<group>"; };
		E84B823222AA54240057EB4B /* ProductTableViewController.swift */ = {isa = PBXFileReference; lastKnownFileType = sourcecode.swift; path = ProductTableViewController.swift; sourceTree = "<group>"; };
		E84B823322AA54240057EB4B /* ProductTableViewController.xib */ = {isa = PBXFileReference; lastKnownFileType = file.xib; path = ProductTableViewController.xib; sourceTree = "<group>"; };
		E84B823822AA56AB0057EB4B /* ProductPreviewTableViewCell.swift */ = {isa = PBXFileReference; lastKnownFileType = sourcecode.swift; path = ProductPreviewTableViewCell.swift; sourceTree = "<group>"; };
		E84B823922AA56AB0057EB4B /* ProductPreviewTableViewCell.xib */ = {isa = PBXFileReference; lastKnownFileType = file.xib; path = ProductPreviewTableViewCell.xib; sourceTree = "<group>"; };
		E84B823C22AA59590057EB4B /* UITableViewCell+Extension.swift */ = {isa = PBXFileReference; lastKnownFileType = sourcecode.swift; path = "UITableViewCell+Extension.swift"; sourceTree = "<group>"; };
		E84B823E22AA5D9B0057EB4B /* ProductViewModel.swift */ = {isa = PBXFileReference; lastKnownFileType = sourcecode.swift; path = ProductViewModel.swift; sourceTree = "<group>"; };
		E84B824322AA64450057EB4B /* PriceTableViewCell.swift */ = {isa = PBXFileReference; lastKnownFileType = sourcecode.swift; path = PriceTableViewCell.swift; sourceTree = "<group>"; };
		E84B824422AA64450057EB4B /* PriceTableViewCell.xib */ = {isa = PBXFileReference; lastKnownFileType = file.xib; path = PriceTableViewCell.xib; sourceTree = "<group>"; };
		E88ED98E22AE4E2500F9F3BC /* String+Extension.swift */ = {isa = PBXFileReference; lastKnownFileType = sourcecode.swift; path = "String+Extension.swift"; sourceTree = "<group>"; };
		E88ED99022AE521100F9F3BC /* UIImageView+Extension.swift */ = {isa = PBXFileReference; lastKnownFileType = sourcecode.swift; path = "UIImageView+Extension.swift"; sourceTree = "<group>"; };
		E88ED99222AE558F00F9F3BC /* GoogleService-Info.plist */ = {isa = PBXFileReference; fileEncoding = 4; lastKnownFileType = text.plist.xml; path = "GoogleService-Info.plist"; sourceTree = "<group>"; };
		E8EA28FA22A659D9000DF441 /* Dostawemo.app */ = {isa = PBXFileReference; explicitFileType = wrapper.application; includeInIndex = 0; path = Dostawemo.app; sourceTree = BUILT_PRODUCTS_DIR; };
		E8EA28FD22A659D9000DF441 /* AppDelegate.swift */ = {isa = PBXFileReference; lastKnownFileType = sourcecode.swift; path = AppDelegate.swift; sourceTree = "<group>"; };
		E8EA290222A659D9000DF441 /* Base */ = {isa = PBXFileReference; lastKnownFileType = file.storyboard; name = Base; path = Base.lproj/Main.storyboard; sourceTree = "<group>"; };
		E8EA290422A659DA000DF441 /* Assets.xcassets */ = {isa = PBXFileReference; lastKnownFileType = folder.assetcatalog; path = Assets.xcassets; sourceTree = "<group>"; };
		E8EA290722A659DA000DF441 /* Base */ = {isa = PBXFileReference; lastKnownFileType = file.storyboard; name = Base; path = Base.lproj/LaunchScreen.storyboard; sourceTree = "<group>"; };
		E8EA290922A659DA000DF441 /* Info.plist */ = {isa = PBXFileReference; lastKnownFileType = text.plist.xml; path = Info.plist; sourceTree = "<group>"; };
		E8EA290E22A659DA000DF441 /* DostawemoTests.xctest */ = {isa = PBXFileReference; explicitFileType = wrapper.cfbundle; includeInIndex = 0; path = DostawemoTests.xctest; sourceTree = BUILT_PRODUCTS_DIR; };
		E8EA291222A659DA000DF441 /* DostawemoTests.swift */ = {isa = PBXFileReference; lastKnownFileType = sourcecode.swift; path = DostawemoTests.swift; sourceTree = "<group>"; };
		E8EA291422A659DA000DF441 /* Info.plist */ = {isa = PBXFileReference; lastKnownFileType = text.plist.xml; path = Info.plist; sourceTree = "<group>"; };
		E8EA291922A659DA000DF441 /* DostawemoUITests.xctest */ = {isa = PBXFileReference; explicitFileType = wrapper.cfbundle; includeInIndex = 0; path = DostawemoUITests.xctest; sourceTree = BUILT_PRODUCTS_DIR; };
		E8EA291D22A659DA000DF441 /* DostawemoUITests.swift */ = {isa = PBXFileReference; lastKnownFileType = sourcecode.swift; path = DostawemoUITests.swift; sourceTree = "<group>"; };
		E8EA291F22A659DA000DF441 /* Info.plist */ = {isa = PBXFileReference; lastKnownFileType = text.plist.xml; path = Info.plist; sourceTree = "<group>"; };
		E8EA292F22A6644C000DF441 /* Search.storyboard */ = {isa = PBXFileReference; lastKnownFileType = file.storyboard; path = Search.storyboard; sourceTree = "<group>"; };
		E8EA293222A6677F000DF441 /* SearchViewController.swift */ = {isa = PBXFileReference; lastKnownFileType = sourcecode.swift; path = SearchViewController.swift; sourceTree = "<group>"; };
		E8EA293422A6678D000DF441 /* SearchViewModel.swift */ = {isa = PBXFileReference; lastKnownFileType = sourcecode.swift; path = SearchViewModel.swift; sourceTree = "<group>"; };
		E8EA293722A6688B000DF441 /* UIImage+Extension.swift */ = {isa = PBXFileReference; lastKnownFileType = sourcecode.swift; path = "UIImage+Extension.swift"; sourceTree = "<group>"; };
		E8EA293A22A669D9000DF441 /* Basket.storyboard */ = {isa = PBXFileReference; lastKnownFileType = file.storyboard; path = Basket.storyboard; sourceTree = "<group>"; };
		E8EA293D22A66A20000DF441 /* BasketSceneTableViewController.swift */ = {isa = PBXFileReference; lastKnownFileType = sourcecode.swift; path = BasketSceneTableViewController.swift; sourceTree = "<group>"; };
		E8EA294C22A7BF89000DF441 /* Product.swift */ = {isa = PBXFileReference; lastKnownFileType = sourcecode.swift; path = Product.swift; sourceTree = "<group>"; };
		E8EA294F22A7C401000DF441 /* TopProductsViewController.swift */ = {isa = PBXFileReference; lastKnownFileType = sourcecode.swift; path = TopProductsViewController.swift; sourceTree = "<group>"; };
		E8EA295122A7C44B000DF441 /* TopProductsViewModel.swift */ = {isa = PBXFileReference; lastKnownFileType = sourcecode.swift; path = TopProductsViewModel.swift; sourceTree = "<group>"; };
		E8EA295422A7C53E000DF441 /* TopProductCollectionViewCell.swift */ = {isa = PBXFileReference; lastKnownFileType = sourcecode.swift; path = TopProductCollectionViewCell.swift; sourceTree = "<group>"; };
		E8EA295522A7C53E000DF441 /* TopProductCollectionViewCell.xib */ = {isa = PBXFileReference; lastKnownFileType = file.xib; path = TopProductCollectionViewCell.xib; sourceTree = "<group>"; };
		E8EA295822A7CA40000DF441 /* UICollectionViewCell+Extension.swift */ = {isa = PBXFileReference; lastKnownFileType = sourcecode.swift; path = "UICollectionViewCell+Extension.swift"; sourceTree = "<group>"; };
		E8EA295A22A90163000DF441 /* SearchCollectionViewHeader.swift */ = {isa = PBXFileReference; lastKnownFileType = sourcecode.swift; path = SearchCollectionViewHeader.swift; sourceTree = "<group>"; };
		E8EA295D22A90ACB000DF441 /* Account.storyboard */ = {isa = PBXFileReference; lastKnownFileType = file.storyboard; path = Account.storyboard; sourceTree = "<group>"; };
		E8EA296022A90E8C000DF441 /* CommentViewController.swift */ = {isa = PBXFileReference; lastKnownFileType = sourcecode.swift; path = CommentViewController.swift; sourceTree = "<group>"; };
		E8EA296522A913F1000DF441 /* ProfileViewController.swift */ = {isa = PBXFileReference; lastKnownFileType = sourcecode.swift; path = ProfileViewController.swift; sourceTree = "<group>"; };
		E8EA296722A914DA000DF441 /* UILabel+Extension.swift */ = {isa = PBXFileReference; lastKnownFileType = sourcecode.swift; path = "UILabel+Extension.swift"; sourceTree = "<group>"; };
		E8EA296A22A91554000DF441 /* Config.swift */ = {isa = PBXFileReference; lastKnownFileType = sourcecode.swift; path = Config.swift; sourceTree = "<group>"; };
		E8EA296C22A916C9000DF441 /* UIViewController+Extension.swift */ = {isa = PBXFileReference; lastKnownFileType = sourcecode.swift; path = "UIViewController+Extension.swift"; sourceTree = "<group>"; };
/* End PBXFileReference section */

/* Begin PBXFrameworksBuildPhase section */
		E8EA28F722A659D9000DF441 /* Frameworks */ = {
			isa = PBXFrameworksBuildPhase;
			buildActionMask = 2147483647;
			files = (
				4CED5F3ADAADE64E1096C7A2 /* Pods_Dostawemo.framework in Frameworks */,
			);
			runOnlyForDeploymentPostprocessing = 0;
		};
		E8EA290B22A659DA000DF441 /* Frameworks */ = {
			isa = PBXFrameworksBuildPhase;
			buildActionMask = 2147483647;
			files = (
				101154969B76CBE7F58A5DD9 /* Pods_DostawemoTests.framework in Frameworks */,
			);
			runOnlyForDeploymentPostprocessing = 0;
		};
		E8EA291622A659DA000DF441 /* Frameworks */ = {
			isa = PBXFrameworksBuildPhase;
			buildActionMask = 2147483647;
			files = (
				79AD9D76E9C5FE47615DADE5 /* Pods_DostawemoUITests.framework in Frameworks */,
			);
			runOnlyForDeploymentPostprocessing = 0;
		};
/* End PBXFrameworksBuildPhase section */

/* Begin PBXGroup section */
		35B54D7EAFA11C852B61377F /* Pods */ = {
			isa = PBXGroup;
			children = (
				32C0199B80860C415CF7E77A /* Pods-Dostawemo.debug.xcconfig */,
				E644248681CA2E53A09E27C9 /* Pods-Dostawemo.release.xcconfig */,
				ADFFE4BD4798B3A8CEB349A1 /* Pods-DostawemoTests.debug.xcconfig */,
				2540563B17967FB06BF8C4E4 /* Pods-DostawemoTests.release.xcconfig */,
				358F237C3F22C4CD79E665B1 /* Pods-DostawemoUITests.debug.xcconfig */,
				B259B473CD9EF10EEF221D01 /* Pods-DostawemoUITests.release.xcconfig */,
			);
			path = Pods;
			sourceTree = "<group>";
		};
		CD9132231465EE2299ED2FA1 /* Frameworks */ = {
			isa = PBXGroup;
			children = (
				7CA644DD287F483AD93C4072 /* Pods_Dostawemo.framework */,
				D94B473B698469464E791188 /* Pods_DostawemoTests.framework */,
				962A6543813FE14821B6FD47 /* Pods_DostawemoUITests.framework */,
			);
			name = Frameworks;
			sourceTree = "<group>";
		};
		E84B823622AA56750057EB4B /* TableViewCell */ = {
			isa = PBXGroup;
			children = (
				E84B824722AA6A2D0057EB4B /* PriceCell */,
				E84B823722AA56850057EB4B /* ProductPreviewCell */,
			);
			path = TableViewCell;
			sourceTree = "<group>";
		};
		E84B823722AA56850057EB4B /* ProductPreviewCell */ = {
			isa = PBXGroup;
			children = (
				E84B823822AA56AB0057EB4B /* ProductPreviewTableViewCell.swift */,
				E84B823922AA56AB0057EB4B /* ProductPreviewTableViewCell.xib */,
			);
			path = ProductPreviewCell;
			sourceTree = "<group>";
		};
		E84B824722AA6A2D0057EB4B /* PriceCell */ = {
			isa = PBXGroup;
			children = (
				E84B824322AA64450057EB4B /* PriceTableViewCell.swift */,
				E84B824422AA64450057EB4B /* PriceTableViewCell.xib */,
			);
			path = PriceCell;
			sourceTree = "<group>";
		};
		E8EA28F122A659D9000DF441 = {
			isa = PBXGroup;
			children = (
				E8EA28FC22A659D9000DF441 /* Dostawemo */,
				E8EA291122A659DA000DF441 /* DostawemoTests */,
				E8EA291C22A659DA000DF441 /* DostawemoUITests */,
				E8EA28FB22A659D9000DF441 /* Products */,
				35B54D7EAFA11C852B61377F /* Pods */,
				CD9132231465EE2299ED2FA1 /* Frameworks */,
			);
			sourceTree = "<group>";
		};
		E8EA28FB22A659D9000DF441 /* Products */ = {
			isa = PBXGroup;
			children = (
				E8EA28FA22A659D9000DF441 /* Dostawemo.app */,
				E8EA290E22A659DA000DF441 /* DostawemoTests.xctest */,
				E8EA291922A659DA000DF441 /* DostawemoUITests.xctest */,
			);
			name = Products;
			sourceTree = "<group>";
		};
		E8EA28FC22A659D9000DF441 /* Dostawemo */ = {
			isa = PBXGroup;
			children = (
				E8EA296922A91545000DF441 /* Helper */,
				E8EA28FD22A659D9000DF441 /* AppDelegate.swift */,
				E8EA294B22A7BF78000DF441 /* Model */,
				E8EA293622A66877000DF441 /* Extension */,
				E8EA293922A66984000DF441 /* Basket */,
				E8EA292E22A663FA000DF441 /* Main */,
				E8EA292C22A663DB000DF441 /* Search */,
				E8EA292D22A663EA000DF441 /* Account */,
				E8EA292B22A65C5C000DF441 /* Supporting Files */,
				E8EA290922A659DA000DF441 /* Info.plist */,
				E88ED99222AE558F00F9F3BC /* GoogleService-Info.plist */,
			);
			path = Dostawemo;
			sourceTree = "<group>";
		};
		E8EA291122A659DA000DF441 /* DostawemoTests */ = {
			isa = PBXGroup;
			children = (
				E8EA291222A659DA000DF441 /* DostawemoTests.swift */,
				E8EA291422A659DA000DF441 /* Info.plist */,
			);
			path = DostawemoTests;
			sourceTree = "<group>";
		};
		E8EA291C22A659DA000DF441 /* DostawemoUITests */ = {
			isa = PBXGroup;
			children = (
				E8EA291D22A659DA000DF441 /* DostawemoUITests.swift */,
				E8EA291F22A659DA000DF441 /* Info.plist */,
			);
			path = DostawemoUITests;
			sourceTree = "<group>";
		};
		E8EA292B22A65C5C000DF441 /* Supporting Files */ = {
			isa = PBXGroup;
			children = (
				E8EA290622A659DA000DF441 /* LaunchScreen.storyboard */,
				E8EA290422A659DA000DF441 /* Assets.xcassets */,
			);
			path = "Supporting Files";
			sourceTree = "<group>";
		};
		E8EA292C22A663DB000DF441 /* Search */ = {
			isa = PBXGroup;
			children = (
				E8EA292F22A6644C000DF441 /* Search.storyboard */,
				E8EA294E22A7C3B6000DF441 /* TopScene */,
				E8EA293122A66609000DF441 /* SearchScene */,
				E8EA296E22AA5359000DF441 /* Product */,
			);
			path = Search;
			sourceTree = "<group>";
		};
		E8EA292D22A663EA000DF441 /* Account */ = {
			isa = PBXGroup;
			children = (
				E8EA296422A913DB000DF441 /* Profile */,
				E8EA295F22A90E58000DF441 /* Comments */,
				E8EA295D22A90ACB000DF441 /* Account.storyboard */,
			);
			path = Account;
			sourceTree = "<group>";
		};
		E8EA292E22A663FA000DF441 /* Main */ = {
			isa = PBXGroup;
			children = (
				E8EA290122A659D9000DF441 /* Main.storyboard */,
			);
			path = Main;
			sourceTree = "<group>";
		};
		E8EA293122A66609000DF441 /* SearchScene */ = {
			isa = PBXGroup;
			children = (
				E8EA293222A6677F000DF441 /* SearchViewController.swift */,
				E8EA293422A6678D000DF441 /* SearchViewModel.swift */,
			);
			path = SearchScene;
			sourceTree = "<group>";
		};
		E8EA293622A66877000DF441 /* Extension */ = {
			isa = PBXGroup;
			children = (
				E8EA293722A6688B000DF441 /* UIImage+Extension.swift */,
				E8EA295822A7CA40000DF441 /* UICollectionViewCell+Extension.swift */,
				E8EA296722A914DA000DF441 /* UILabel+Extension.swift */,
				E8EA296C22A916C9000DF441 /* UIViewController+Extension.swift */,
				E84B823C22AA59590057EB4B /* UITableViewCell+Extension.swift */,
				E88ED98E22AE4E2500F9F3BC /* String+Extension.swift */,
				E88ED99022AE521100F9F3BC /* UIImageView+Extension.swift */,
			);
			path = Extension;
			sourceTree = "<group>";
		};
		E8EA293922A66984000DF441 /* Basket */ = {
			isa = PBXGroup;
			children = (
				E8EA293A22A669D9000DF441 /* Basket.storyboard */,
				E8EA293C22A669FF000DF441 /* BasketScene */,
			);
			path = Basket;
			sourceTree = "<group>";
		};
		E8EA293C22A669FF000DF441 /* BasketScene */ = {
			isa = PBXGroup;
			children = (
				E8EA293D22A66A20000DF441 /* BasketSceneTableViewController.swift */,
			);
			path = BasketScene;
			sourceTree = "<group>";
		};
		E8EA294B22A7BF78000DF441 /* Model */ = {
			isa = PBXGroup;
			children = (
				E8EA294C22A7BF89000DF441 /* Product.swift */,
			);
			path = Model;
			sourceTree = "<group>";
		};
		E8EA294E22A7C3B6000DF441 /* TopScene */ = {
			isa = PBXGroup;
			children = (
				E8EA295C22A90181000DF441 /* SearchHeader */,
				E8EA295322A7C524000DF441 /* CollectionViewCell */,
				E8EA294F22A7C401000DF441 /* TopProductsViewController.swift */,
				E8EA295122A7C44B000DF441 /* TopProductsViewModel.swift */,
			);
			path = TopScene;
			sourceTree = "<group>";
		};
		E8EA295322A7C524000DF441 /* CollectionViewCell */ = {
			isa = PBXGroup;
			children = (
				E8EA295422A7C53E000DF441 /* TopProductCollectionViewCell.swift */,
				E8EA295522A7C53E000DF441 /* TopProductCollectionViewCell.xib */,
			);
			path = CollectionViewCell;
			sourceTree = "<group>";
		};
		E8EA295C22A90181000DF441 /* SearchHeader */ = {
			isa = PBXGroup;
			children = (
				E8EA295A22A90163000DF441 /* SearchCollectionViewHeader.swift */,
			);
			path = SearchHeader;
			sourceTree = "<group>";
		};
		E8EA295F22A90E58000DF441 /* Comments */ = {
			isa = PBXGroup;
			children = (
				E8EA296322A90EB0000DF441 /* CommentUser */,
				E8EA296222A90EA3000DF441 /* CommentList */,
				E8EA296022A90E8C000DF441 /* CommentViewController.swift */,
			);
			path = Comments;
			sourceTree = "<group>";
		};
		E8EA296222A90EA3000DF441 /* CommentList */ = {
			isa = PBXGroup;
			children = (
			);
			path = CommentList;
			sourceTree = "<group>";
		};
		E8EA296322A90EB0000DF441 /* CommentUser */ = {
			isa = PBXGroup;
			children = (
			);
			path = CommentUser;
			sourceTree = "<group>";
		};
		E8EA296422A913DB000DF441 /* Profile */ = {
			isa = PBXGroup;
			children = (
				E8EA296522A913F1000DF441 /* ProfileViewController.swift */,
			);
			path = Profile;
			sourceTree = "<group>";
		};
		E8EA296922A91545000DF441 /* Helper */ = {
			isa = PBXGroup;
			children = (
				E8EA296A22A91554000DF441 /* Config.swift */,
			);
			path = Helper;
			sourceTree = "<group>";
		};
		E8EA296E22AA5359000DF441 /* Product */ = {
			isa = PBXGroup;
			children = (
				E84B823622AA56750057EB4B /* TableViewCell */,
				E84B823222AA54240057EB4B /* ProductTableViewController.swift */,
				E84B823322AA54240057EB4B /* ProductTableViewController.xib */,
				E84B823E22AA5D9B0057EB4B /* ProductViewModel.swift */,
			);
			path = Product;
			sourceTree = "<group>";
		};
/* End PBXGroup section */

/* Begin PBXNativeTarget section */
		E8EA28F922A659D9000DF441 /* Dostawemo */ = {
			isa = PBXNativeTarget;
			buildConfigurationList = E8EA292222A659DA000DF441 /* Build configuration list for PBXNativeTarget "Dostawemo" */;
			buildPhases = (
				C43F7683630EFADA81193656 /* [CP] Check Pods Manifest.lock */,
				E8EA28F622A659D9000DF441 /* Sources */,
				E8EA28F722A659D9000DF441 /* Frameworks */,
				E8EA28F822A659D9000DF441 /* Resources */,
				B69777C2D8E02345FF72D93A /* [CP] Embed Pods Frameworks */,
			);
			buildRules = (
			);
			dependencies = (
			);
			name = Dostawemo;
			productName = Dostawemo;
			productReference = E8EA28FA22A659D9000DF441 /* Dostawemo.app */;
			productType = "com.apple.product-type.application";
		};
		E8EA290D22A659DA000DF441 /* DostawemoTests */ = {
			isa = PBXNativeTarget;
			buildConfigurationList = E8EA292522A659DA000DF441 /* Build configuration list for PBXNativeTarget "DostawemoTests" */;
			buildPhases = (
				EF06A62AC27F6ECA083DF634 /* [CP] Check Pods Manifest.lock */,
				E8EA290A22A659DA000DF441 /* Sources */,
				E8EA290B22A659DA000DF441 /* Frameworks */,
				E8EA290C22A659DA000DF441 /* Resources */,
			);
			buildRules = (
			);
			dependencies = (
				E8EA291022A659DA000DF441 /* PBXTargetDependency */,
			);
			name = DostawemoTests;
			productName = DostawemoTests;
			productReference = E8EA290E22A659DA000DF441 /* DostawemoTests.xctest */;
			productType = "com.apple.product-type.bundle.unit-test";
		};
		E8EA291822A659DA000DF441 /* DostawemoUITests */ = {
			isa = PBXNativeTarget;
			buildConfigurationList = E8EA292822A659DA000DF441 /* Build configuration list for PBXNativeTarget "DostawemoUITests" */;
			buildPhases = (
				1FDB0D5A11DCFB5C680A8F48 /* [CP] Check Pods Manifest.lock */,
				E8EA291522A659DA000DF441 /* Sources */,
				E8EA291622A659DA000DF441 /* Frameworks */,
				E8EA291722A659DA000DF441 /* Resources */,
			);
			buildRules = (
			);
			dependencies = (
				E8EA291B22A659DA000DF441 /* PBXTargetDependency */,
			);
			name = DostawemoUITests;
			productName = DostawemoUITests;
			productReference = E8EA291922A659DA000DF441 /* DostawemoUITests.xctest */;
			productType = "com.apple.product-type.bundle.ui-testing";
		};
/* End PBXNativeTarget section */

/* Begin PBXProject section */
		E8EA28F222A659D9000DF441 /* Project object */ = {
			isa = PBXProject;
			attributes = {
				LastSwiftUpdateCheck = 1020;
				LastUpgradeCheck = 1020;
				ORGANIZATIONNAME = "beer-pool";
				TargetAttributes = {
					E8EA28F922A659D9000DF441 = {
						CreatedOnToolsVersion = 10.2.1;
					};
					E8EA290D22A659DA000DF441 = {
						CreatedOnToolsVersion = 10.2.1;
						TestTargetID = E8EA28F922A659D9000DF441;
					};
					E8EA291822A659DA000DF441 = {
						CreatedOnToolsVersion = 10.2.1;
						TestTargetID = E8EA28F922A659D9000DF441;
					};
				};
			};
			buildConfigurationList = E8EA28F522A659D9000DF441 /* Build configuration list for PBXProject "Dostawemo" */;
			compatibilityVersion = "Xcode 9.3";
			developmentRegion = en;
			hasScannedForEncodings = 0;
			knownRegions = (
				en,
				Base,
			);
			mainGroup = E8EA28F122A659D9000DF441;
			productRefGroup = E8EA28FB22A659D9000DF441 /* Products */;
			projectDirPath = "";
			projectRoot = "";
			targets = (
				E8EA28F922A659D9000DF441 /* Dostawemo */,
				E8EA290D22A659DA000DF441 /* DostawemoTests */,
				E8EA291822A659DA000DF441 /* DostawemoUITests */,
			);
		};
/* End PBXProject section */

/* Begin PBXResourcesBuildPhase section */
		E8EA28F822A659D9000DF441 /* Resources */ = {
			isa = PBXResourcesBuildPhase;
			buildActionMask = 2147483647;
			files = (
				E8EA290822A659DA000DF441 /* LaunchScreen.storyboard in Resources */,
				E8EA290522A659DA000DF441 /* Assets.xcassets in Resources */,
				E84B823B22AA56AB0057EB4B /* ProductPreviewTableViewCell.xib in Resources */,
				E8EA293022A6644C000DF441 /* Search.storyboard in Resources */,
				E8EA293B22A669D9000DF441 /* Basket.storyboard in Resources */,
				E84B824622AA64450057EB4B /* PriceTableViewCell.xib in Resources */,
				E8EA290322A659D9000DF441 /* Main.storyboard in Resources */,
				E84B823522AA54240057EB4B /* ProductTableViewController.xib in Resources */,
				E88ED99322AE558F00F9F3BC /* GoogleService-Info.plist in Resources */,
				E8EA295722A7C53E000DF441 /* TopProductCollectionViewCell.xib in Resources */,
				E8EA295E22A90ACB000DF441 /* Account.storyboard in Resources */,
			);
			runOnlyForDeploymentPostprocessing = 0;
		};
		E8EA290C22A659DA000DF441 /* Resources */ = {
			isa = PBXResourcesBuildPhase;
			buildActionMask = 2147483647;
			files = (
			);
			runOnlyForDeploymentPostprocessing = 0;
		};
		E8EA291722A659DA000DF441 /* Resources */ = {
			isa = PBXResourcesBuildPhase;
			buildActionMask = 2147483647;
			files = (
			);
			runOnlyForDeploymentPostprocessing = 0;
		};
/* End PBXResourcesBuildPhase section */

/* Begin PBXShellScriptBuildPhase section */
		1FDB0D5A11DCFB5C680A8F48 /* [CP] Check Pods Manifest.lock */ = {
			isa = PBXShellScriptBuildPhase;
			buildActionMask = 2147483647;
			files = (
			);
			inputFileListPaths = (
			);
			inputPaths = (
				"${PODS_PODFILE_DIR_PATH}/Podfile.lock",
				"${PODS_ROOT}/Manifest.lock",
			);
			name = "[CP] Check Pods Manifest.lock";
			outputFileListPaths = (
			);
			outputPaths = (
				"$(DERIVED_FILE_DIR)/Pods-DostawemoUITests-checkManifestLockResult.txt",
			);
			runOnlyForDeploymentPostprocessing = 0;
			shellPath = /bin/sh;
			shellScript = "diff \"${PODS_PODFILE_DIR_PATH}/Podfile.lock\" \"${PODS_ROOT}/Manifest.lock\" > /dev/null\nif [ $? != 0 ] ; then\n    # print error to STDERR\n    echo \"error: The sandbox is not in sync with the Podfile.lock. Run 'pod install' or update your CocoaPods installation.\" >&2\n    exit 1\nfi\n# This output is used by Xcode 'outputs' to avoid re-running this script phase.\necho \"SUCCESS\" > \"${SCRIPT_OUTPUT_FILE_0}\"\n";
			showEnvVarsInLog = 0;
		};
		B69777C2D8E02345FF72D93A /* [CP] Embed Pods Frameworks */ = {
			isa = PBXShellScriptBuildPhase;
			buildActionMask = 2147483647;
			files = (
			);
			inputFileListPaths = (
			);
			inputPaths = (
				"${PODS_ROOT}/Target Support Files/Pods-Dostawemo/Pods-Dostawemo-frameworks.sh",
				"${BUILT_PRODUCTS_DIR}/BoringSSL-GRPC/openssl_grpc.framework",
				"${BUILT_PRODUCTS_DIR}/GTMSessionFetcher/GTMSessionFetcher.framework",
				"${BUILT_PRODUCTS_DIR}/GoogleUtilities/GoogleUtilities.framework",
				"${BUILT_PRODUCTS_DIR}/Protobuf/Protobuf.framework",
				"${BUILT_PRODUCTS_DIR}/RxCocoa/RxCocoa.framework",
				"${BUILT_PRODUCTS_DIR}/RxRelay/RxRelay.framework",
				"${BUILT_PRODUCTS_DIR}/RxSwift/RxSwift.framework",
				"${BUILT_PRODUCTS_DIR}/gRPC-C++/grpcpp.framework",
				"${BUILT_PRODUCTS_DIR}/gRPC-Core/grpc.framework",
				"${BUILT_PRODUCTS_DIR}/leveldb-library/leveldb.framework",
				"${BUILT_PRODUCTS_DIR}/nanopb/nanopb.framework",
			);
			name = "[CP] Embed Pods Frameworks";
			outputFileListPaths = (
			);
			outputPaths = (
				"${TARGET_BUILD_DIR}/${FRAMEWORKS_FOLDER_PATH}/openssl_grpc.framework",
				"${TARGET_BUILD_DIR}/${FRAMEWORKS_FOLDER_PATH}/GTMSessionFetcher.framework",
				"${TARGET_BUILD_DIR}/${FRAMEWORKS_FOLDER_PATH}/GoogleUtilities.framework",
				"${TARGET_BUILD_DIR}/${FRAMEWORKS_FOLDER_PATH}/Protobuf.framework",
				"${TARGET_BUILD_DIR}/${FRAMEWORKS_FOLDER_PATH}/RxCocoa.framework",
				"${TARGET_BUILD_DIR}/${FRAMEWORKS_FOLDER_PATH}/RxRelay.framework",
				"${TARGET_BUILD_DIR}/${FRAMEWORKS_FOLDER_PATH}/RxSwift.framework",
				"${TARGET_BUILD_DIR}/${FRAMEWORKS_FOLDER_PATH}/grpcpp.framework",
				"${TARGET_BUILD_DIR}/${FRAMEWORKS_FOLDER_PATH}/grpc.framework",
				"${TARGET_BUILD_DIR}/${FRAMEWORKS_FOLDER_PATH}/leveldb.framework",
				"${TARGET_BUILD_DIR}/${FRAMEWORKS_FOLDER_PATH}/nanopb.framework",
			);
			runOnlyForDeploymentPostprocessing = 0;
			shellPath = /bin/sh;
			shellScript = "\"${PODS_ROOT}/Target Support Files/Pods-Dostawemo/Pods-Dostawemo-frameworks.sh\"\n";
			showEnvVarsInLog = 0;
		};
		C43F7683630EFADA81193656 /* [CP] Check Pods Manifest.lock */ = {
			isa = PBXShellScriptBuildPhase;
			buildActionMask = 2147483647;
			files = (
			);
			inputFileListPaths = (
			);
			inputPaths = (
				"${PODS_PODFILE_DIR_PATH}/Podfile.lock",
				"${PODS_ROOT}/Manifest.lock",
			);
			name = "[CP] Check Pods Manifest.lock";
			outputFileListPaths = (
			);
			outputPaths = (
				"$(DERIVED_FILE_DIR)/Pods-Dostawemo-checkManifestLockResult.txt",
			);
			runOnlyForDeploymentPostprocessing = 0;
			shellPath = /bin/sh;
			shellScript = "diff \"${PODS_PODFILE_DIR_PATH}/Podfile.lock\" \"${PODS_ROOT}/Manifest.lock\" > /dev/null\nif [ $? != 0 ] ; then\n    # print error to STDERR\n    echo \"error: The sandbox is not in sync with the Podfile.lock. Run 'pod install' or update your CocoaPods installation.\" >&2\n    exit 1\nfi\n# This output is used by Xcode 'outputs' to avoid re-running this script phase.\necho \"SUCCESS\" > \"${SCRIPT_OUTPUT_FILE_0}\"\n";
			showEnvVarsInLog = 0;
		};
		EF06A62AC27F6ECA083DF634 /* [CP] Check Pods Manifest.lock */ = {
			isa = PBXShellScriptBuildPhase;
			buildActionMask = 2147483647;
			files = (
			);
			inputFileListPaths = (
			);
			inputPaths = (
				"${PODS_PODFILE_DIR_PATH}/Podfile.lock",
				"${PODS_ROOT}/Manifest.lock",
			);
			name = "[CP] Check Pods Manifest.lock";
			outputFileListPaths = (
			);
			outputPaths = (
				"$(DERIVED_FILE_DIR)/Pods-DostawemoTests-checkManifestLockResult.txt",
			);
			runOnlyForDeploymentPostprocessing = 0;
			shellPath = /bin/sh;
			shellScript = "diff \"${PODS_PODFILE_DIR_PATH}/Podfile.lock\" \"${PODS_ROOT}/Manifest.lock\" > /dev/null\nif [ $? != 0 ] ; then\n    # print error to STDERR\n    echo \"error: The sandbox is not in sync with the Podfile.lock. Run 'pod install' or update your CocoaPods installation.\" >&2\n    exit 1\nfi\n# This output is used by Xcode 'outputs' to avoid re-running this script phase.\necho \"SUCCESS\" > \"${SCRIPT_OUTPUT_FILE_0}\"\n";
			showEnvVarsInLog = 0;
		};
/* End PBXShellScriptBuildPhase section */

/* Begin PBXSourcesBuildPhase section */
		E8EA28F622A659D9000DF441 /* Sources */ = {
			isa = PBXSourcesBuildPhase;
			buildActionMask = 2147483647;
			files = (
				E8EA296D22A916C9000DF441 /* UIViewController+Extension.swift in Sources */,
				E8EA295222A7C44B000DF441 /* TopProductsViewModel.swift in Sources */,
				E8EA293522A6678D000DF441 /* SearchViewModel.swift in Sources */,
				E8EA296B22A91554000DF441 /* Config.swift in Sources */,
				E88ED99122AE521100F9F3BC /* UIImageView+Extension.swift in Sources */,
				E8EA293322A6677F000DF441 /* SearchViewController.swift in Sources */,
				E8EA293E22A66A20000DF441 /* BasketSceneTableViewController.swift in Sources */,
				E8EA28FE22A659D9000DF441 /* AppDelegate.swift in Sources */,
				E84B823D22AA59590057EB4B /* UITableViewCell+Extension.swift in Sources */,
				E8EA295B22A90163000DF441 /* SearchCollectionViewHeader.swift in Sources */,
				E84B823A22AA56AB0057EB4B /* ProductPreviewTableViewCell.swift in Sources */,
				E8EA293822A6688B000DF441 /* UIImage+Extension.swift in Sources */,
				E84B824522AA64450057EB4B /* PriceTableViewCell.swift in Sources */,
				E88ED98F22AE4E2500F9F3BC /* String+Extension.swift in Sources */,
				E8EA295022A7C401000DF441 /* TopProductsViewController.swift in Sources */,
				E84B823422AA54240057EB4B /* ProductTableViewController.swift in Sources */,
				E8EA296122A90E8C000DF441 /* CommentViewController.swift in Sources */,
				E84B823F22AA5D9B0057EB4B /* ProductViewModel.swift in Sources */,
				E8EA294D22A7BF89000DF441 /* Product.swift in Sources */,
				E8EA296822A914DA000DF441 /* UILabel+Extension.swift in Sources */,
				E8EA296622A913F1000DF441 /* ProfileViewController.swift in Sources */,
				E8EA295922A7CA40000DF441 /* UICollectionViewCell+Extension.swift in Sources */,
				E8EA295622A7C53E000DF441 /* TopProductCollectionViewCell.swift in Sources */,
			);
			runOnlyForDeploymentPostprocessing = 0;
		};
		E8EA290A22A659DA000DF441 /* Sources */ = {
			isa = PBXSourcesBuildPhase;
			buildActionMask = 2147483647;
			files = (
				E8EA291322A659DA000DF441 /* DostawemoTests.swift in Sources */,
			);
			runOnlyForDeploymentPostprocessing = 0;
		};
		E8EA291522A659DA000DF441 /* Sources */ = {
			isa = PBXSourcesBuildPhase;
			buildActionMask = 2147483647;
			files = (
				E8EA291E22A659DA000DF441 /* DostawemoUITests.swift in Sources */,
			);
			runOnlyForDeploymentPostprocessing = 0;
		};
/* End PBXSourcesBuildPhase section */

/* Begin PBXTargetDependency section */
		E8EA291022A659DA000DF441 /* PBXTargetDependency */ = {
			isa = PBXTargetDependency;
			target = E8EA28F922A659D9000DF441 /* Dostawemo */;
			targetProxy = E8EA290F22A659DA000DF441 /* PBXContainerItemProxy */;
		};
		E8EA291B22A659DA000DF441 /* PBXTargetDependency */ = {
			isa = PBXTargetDependency;
			target = E8EA28F922A659D9000DF441 /* Dostawemo */;
			targetProxy = E8EA291A22A659DA000DF441 /* PBXContainerItemProxy */;
		};
/* End PBXTargetDependency section */

/* Begin PBXVariantGroup section */
		E8EA290122A659D9000DF441 /* Main.storyboard */ = {
			isa = PBXVariantGroup;
			children = (
				E8EA290222A659D9000DF441 /* Base */,
			);
			name = Main.storyboard;
			sourceTree = "<group>";
		};
		E8EA290622A659DA000DF441 /* LaunchScreen.storyboard */ = {
			isa = PBXVariantGroup;
			children = (
				E8EA290722A659DA000DF441 /* Base */,
			);
			name = LaunchScreen.storyboard;
			sourceTree = "<group>";
		};
/* End PBXVariantGroup section */

/* Begin XCBuildConfiguration section */
		E8EA292022A659DA000DF441 /* Debug */ = {
			isa = XCBuildConfiguration;
			buildSettings = {
				ALWAYS_SEARCH_USER_PATHS = NO;
				CLANG_ANALYZER_NONNULL = YES;
				CLANG_ANALYZER_NUMBER_OBJECT_CONVERSION = YES_AGGRESSIVE;
				CLANG_CXX_LANGUAGE_STANDARD = "gnu++14";
				CLANG_CXX_LIBRARY = "libc++";
				CLANG_ENABLE_MODULES = YES;
				CLANG_ENABLE_OBJC_ARC = YES;
				CLANG_ENABLE_OBJC_WEAK = YES;
				CLANG_WARN_BLOCK_CAPTURE_AUTORELEASING = YES;
				CLANG_WARN_BOOL_CONVERSION = YES;
				CLANG_WARN_COMMA = YES;
				CLANG_WARN_CONSTANT_CONVERSION = YES;
				CLANG_WARN_DEPRECATED_OBJC_IMPLEMENTATIONS = YES;
				CLANG_WARN_DIRECT_OBJC_ISA_USAGE = YES_ERROR;
				CLANG_WARN_DOCUMENTATION_COMMENTS = YES;
				CLANG_WARN_EMPTY_BODY = YES;
				CLANG_WARN_ENUM_CONVERSION = YES;
				CLANG_WARN_INFINITE_RECURSION = YES;
				CLANG_WARN_INT_CONVERSION = YES;
				CLANG_WARN_NON_LITERAL_NULL_CONVERSION = YES;
				CLANG_WARN_OBJC_IMPLICIT_RETAIN_SELF = YES;
				CLANG_WARN_OBJC_LITERAL_CONVERSION = YES;
				CLANG_WARN_OBJC_ROOT_CLASS = YES_ERROR;
				CLANG_WARN_RANGE_LOOP_ANALYSIS = YES;
				CLANG_WARN_STRICT_PROTOTYPES = YES;
				CLANG_WARN_SUSPICIOUS_MOVE = YES;
				CLANG_WARN_UNGUARDED_AVAILABILITY = YES_AGGRESSIVE;
				CLANG_WARN_UNREACHABLE_CODE = YES;
				CLANG_WARN__DUPLICATE_METHOD_MATCH = YES;
				CODE_SIGN_IDENTITY = "iPhone Developer";
				COPY_PHASE_STRIP = NO;
				DEBUG_INFORMATION_FORMAT = dwarf;
				ENABLE_STRICT_OBJC_MSGSEND = YES;
				ENABLE_TESTABILITY = YES;
				GCC_C_LANGUAGE_STANDARD = gnu11;
				GCC_DYNAMIC_NO_PIC = NO;
				GCC_NO_COMMON_BLOCKS = YES;
				GCC_OPTIMIZATION_LEVEL = 0;
				GCC_PREPROCESSOR_DEFINITIONS = (
					"DEBUG=1",
					"$(inherited)",
				);
				GCC_WARN_64_TO_32_BIT_CONVERSION = YES;
				GCC_WARN_ABOUT_RETURN_TYPE = YES_ERROR;
				GCC_WARN_UNDECLARED_SELECTOR = YES;
				GCC_WARN_UNINITIALIZED_AUTOS = YES_AGGRESSIVE;
				GCC_WARN_UNUSED_FUNCTION = YES;
				GCC_WARN_UNUSED_VARIABLE = YES;
				IPHONEOS_DEPLOYMENT_TARGET = 12.2;
				MTL_ENABLE_DEBUG_INFO = INCLUDE_SOURCE;
				MTL_FAST_MATH = YES;
				ONLY_ACTIVE_ARCH = YES;
				SDKROOT = iphoneos;
				SWIFT_ACTIVE_COMPILATION_CONDITIONS = DEBUG;
				SWIFT_OPTIMIZATION_LEVEL = "-Onone";
			};
			name = Debug;
		};
		E8EA292122A659DA000DF441 /* Release */ = {
			isa = XCBuildConfiguration;
			buildSettings = {
				ALWAYS_SEARCH_USER_PATHS = NO;
				CLANG_ANALYZER_NONNULL = YES;
				CLANG_ANALYZER_NUMBER_OBJECT_CONVERSION = YES_AGGRESSIVE;
				CLANG_CXX_LANGUAGE_STANDARD = "gnu++14";
				CLANG_CXX_LIBRARY = "libc++";
				CLANG_ENABLE_MODULES = YES;
				CLANG_ENABLE_OBJC_ARC = YES;
				CLANG_ENABLE_OBJC_WEAK = YES;
				CLANG_WARN_BLOCK_CAPTURE_AUTORELEASING = YES;
				CLANG_WARN_BOOL_CONVERSION = YES;
				CLANG_WARN_COMMA = YES;
				CLANG_WARN_CONSTANT_CONVERSION = YES;
				CLANG_WARN_DEPRECATED_OBJC_IMPLEMENTATIONS = YES;
				CLANG_WARN_DIRECT_OBJC_ISA_USAGE = YES_ERROR;
				CLANG_WARN_DOCUMENTATION_COMMENTS = YES;
				CLANG_WARN_EMPTY_BODY = YES;
				CLANG_WARN_ENUM_CONVERSION = YES;
				CLANG_WARN_INFINITE_RECURSION = YES;
				CLANG_WARN_INT_CONVERSION = YES;
				CLANG_WARN_NON_LITERAL_NULL_CONVERSION = YES;
				CLANG_WARN_OBJC_IMPLICIT_RETAIN_SELF = YES;
				CLANG_WARN_OBJC_LITERAL_CONVERSION = YES;
				CLANG_WARN_OBJC_ROOT_CLASS = YES_ERROR;
				CLANG_WARN_RANGE_LOOP_ANALYSIS = YES;
				CLANG_WARN_STRICT_PROTOTYPES = YES;
				CLANG_WARN_SUSPICIOUS_MOVE = YES;
				CLANG_WARN_UNGUARDED_AVAILABILITY = YES_AGGRESSIVE;
				CLANG_WARN_UNREACHABLE_CODE = YES;
				CLANG_WARN__DUPLICATE_METHOD_MATCH = YES;
				CODE_SIGN_IDENTITY = "iPhone Developer";
				COPY_PHASE_STRIP = NO;
				DEBUG_INFORMATION_FORMAT = "dwarf-with-dsym";
				ENABLE_NS_ASSERTIONS = NO;
				ENABLE_STRICT_OBJC_MSGSEND = YES;
				GCC_C_LANGUAGE_STANDARD = gnu11;
				GCC_NO_COMMON_BLOCKS = YES;
				GCC_WARN_64_TO_32_BIT_CONVERSION = YES;
				GCC_WARN_ABOUT_RETURN_TYPE = YES_ERROR;
				GCC_WARN_UNDECLARED_SELECTOR = YES;
				GCC_WARN_UNINITIALIZED_AUTOS = YES_AGGRESSIVE;
				GCC_WARN_UNUSED_FUNCTION = YES;
				GCC_WARN_UNUSED_VARIABLE = YES;
				IPHONEOS_DEPLOYMENT_TARGET = 12.2;
				MTL_ENABLE_DEBUG_INFO = NO;
				MTL_FAST_MATH = YES;
				SDKROOT = iphoneos;
				SWIFT_COMPILATION_MODE = wholemodule;
				SWIFT_OPTIMIZATION_LEVEL = "-O";
				VALIDATE_PRODUCT = YES;
			};
			name = Release;
		};
		E8EA292322A659DA000DF441 /* Debug */ = {
			isa = XCBuildConfiguration;
			baseConfigurationReference = 32C0199B80860C415CF7E77A /* Pods-Dostawemo.debug.xcconfig */;
			buildSettings = {
				ASSETCATALOG_COMPILER_APPICON_NAME = AppIcon;
				CODE_SIGN_IDENTITY = "iPhone Developer";
				CODE_SIGN_STYLE = Automatic;
				DEVELOPMENT_TEAM = 7UMAHMKH2W;
				INFOPLIST_FILE = Dostawemo/Info.plist;
				LD_RUNPATH_SEARCH_PATHS = (
					"$(inherited)",
					"@executable_path/Frameworks",
				);
				PRODUCT_BUNDLE_IDENTIFIER = ru.applabs.dostawemo;
				PRODUCT_NAME = "$(TARGET_NAME)";
				PROVISIONING_PROFILE_SPECIFIER = "";
				SWIFT_VERSION = 5.0;
				TARGETED_DEVICE_FAMILY = 1;
			};
			name = Debug;
		};
		E8EA292422A659DA000DF441 /* Release */ = {
			isa = XCBuildConfiguration;
			baseConfigurationReference = E644248681CA2E53A09E27C9 /* Pods-Dostawemo.release.xcconfig */;
			buildSettings = {
				ASSETCATALOG_COMPILER_APPICON_NAME = AppIcon;
				CODE_SIGN_IDENTITY = "iPhone Developer";
				CODE_SIGN_STYLE = Automatic;
				DEVELOPMENT_TEAM = 7UMAHMKH2W;
				INFOPLIST_FILE = Dostawemo/Info.plist;
				LD_RUNPATH_SEARCH_PATHS = (
					"$(inherited)",
					"@executable_path/Frameworks",
				);
				PRODUCT_BUNDLE_IDENTIFIER = ru.applabs.dostawemo;
				PRODUCT_NAME = "$(TARGET_NAME)";
				PROVISIONING_PROFILE_SPECIFIER = "";
				SWIFT_VERSION = 5.0;
				TARGETED_DEVICE_FAMILY = 1;
			};
			name = Release;
		};
		E8EA292622A659DA000DF441 /* Debug */ = {
			isa = XCBuildConfiguration;
			baseConfigurationReference = ADFFE4BD4798B3A8CEB349A1 /* Pods-DostawemoTests.debug.xcconfig */;
			buildSettings = {
				ALWAYS_EMBED_SWIFT_STANDARD_LIBRARIES = YES;
				BUNDLE_LOADER = "$(TEST_HOST)";
				CODE_SIGN_STYLE = Automatic;
				DEVELOPMENT_TEAM = YRE4WYUY8X;
				INFOPLIST_FILE = DostawemoTests/Info.plist;
				LD_RUNPATH_SEARCH_PATHS = (
					"$(inherited)",
					"@executable_path/Frameworks",
					"@loader_path/Frameworks",
				);
				PRODUCT_BUNDLE_IDENTIFIER = com.DostawemoTests;
				PRODUCT_NAME = "$(TARGET_NAME)";
				SWIFT_VERSION = 5.0;
				TARGETED_DEVICE_FAMILY = "1,2";
				TEST_HOST = "$(BUILT_PRODUCTS_DIR)/Dostawemo.app/Dostawemo";
			};
			name = Debug;
		};
		E8EA292722A659DA000DF441 /* Release */ = {
			isa = XCBuildConfiguration;
			baseConfigurationReference = 2540563B17967FB06BF8C4E4 /* Pods-DostawemoTests.release.xcconfig */;
			buildSettings = {
				ALWAYS_EMBED_SWIFT_STANDARD_LIBRARIES = YES;
				BUNDLE_LOADER = "$(TEST_HOST)";
				CODE_SIGN_STYLE = Automatic;
				DEVELOPMENT_TEAM = YRE4WYUY8X;
				INFOPLIST_FILE = DostawemoTests/Info.plist;
				LD_RUNPATH_SEARCH_PATHS = (
					"$(inherited)",
					"@executable_path/Frameworks",
					"@loader_path/Frameworks",
				);
				PRODUCT_BUNDLE_IDENTIFIER = com.DostawemoTests;
				PRODUCT_NAME = "$(TARGET_NAME)";
				SWIFT_VERSION = 5.0;
				TARGETED_DEVICE_FAMILY = "1,2";
				TEST_HOST = "$(BUILT_PRODUCTS_DIR)/Dostawemo.app/Dostawemo";
			};
			name = Release;
		};
		E8EA292922A659DA000DF441 /* Debug */ = {
			isa = XCBuildConfiguration;
			baseConfigurationReference = 358F237C3F22C4CD79E665B1 /* Pods-DostawemoUITests.debug.xcconfig */;
			buildSettings = {
				ALWAYS_EMBED_SWIFT_STANDARD_LIBRARIES = YES;
				CODE_SIGN_STYLE = Automatic;
				DEVELOPMENT_TEAM = YRE4WYUY8X;
				INFOPLIST_FILE = DostawemoUITests/Info.plist;
				LD_RUNPATH_SEARCH_PATHS = (
					"$(inherited)",
					"@executable_path/Frameworks",
					"@loader_path/Frameworks",
				);
				PRODUCT_BUNDLE_IDENTIFIER = com.DostawemoUITests;
				PRODUCT_NAME = "$(TARGET_NAME)";
				SWIFT_VERSION = 5.0;
				TARGETED_DEVICE_FAMILY = "1,2";
				TEST_TARGET_NAME = Dostawemo;
			};
			name = Debug;
		};
		E8EA292A22A659DA000DF441 /* Release */ = {
			isa = XCBuildConfiguration;
			baseConfigurationReference = B259B473CD9EF10EEF221D01 /* Pods-DostawemoUITests.release.xcconfig */;
			buildSettings = {
				ALWAYS_EMBED_SWIFT_STANDARD_LIBRARIES = YES;
				CODE_SIGN_STYLE = Automatic;
				DEVELOPMENT_TEAM = YRE4WYUY8X;
				INFOPLIST_FILE = DostawemoUITests/Info.plist;
				LD_RUNPATH_SEARCH_PATHS = (
					"$(inherited)",
					"@executable_path/Frameworks",
					"@loader_path/Frameworks",
				);
				PRODUCT_BUNDLE_IDENTIFIER = com.DostawemoUITests;
				PRODUCT_NAME = "$(TARGET_NAME)";
				SWIFT_VERSION = 5.0;
				TARGETED_DEVICE_FAMILY = "1,2";
				TEST_TARGET_NAME = Dostawemo;
			};
			name = Release;
		};
/* End XCBuildConfiguration section */

/* Begin XCConfigurationList section */
		E8EA28F522A659D9000DF441 /* Build configuration list for PBXProject "Dostawemo" */ = {
			isa = XCConfigurationList;
			buildConfigurations = (
				E8EA292022A659DA000DF441 /* Debug */,
				E8EA292122A659DA000DF441 /* Release */,
			);
			defaultConfigurationIsVisible = 0;
			defaultConfigurationName = Release;
		};
		E8EA292222A659DA000DF441 /* Build configuration list for PBXNativeTarget "Dostawemo" */ = {
			isa = XCConfigurationList;
			buildConfigurations = (
				E8EA292322A659DA000DF441 /* Debug */,
				E8EA292422A659DA000DF441 /* Release */,
			);
			defaultConfigurationIsVisible = 0;
			defaultConfigurationName = Release;
		};
		E8EA292522A659DA000DF441 /* Build configuration list for PBXNativeTarget "DostawemoTests" */ = {
			isa = XCConfigurationList;
			buildConfigurations = (
				E8EA292622A659DA000DF441 /* Debug */,
				E8EA292722A659DA000DF441 /* Release */,
			);
			defaultConfigurationIsVisible = 0;
			defaultConfigurationName = Release;
		};
		E8EA292822A659DA000DF441 /* Build configuration list for PBXNativeTarget "DostawemoUITests" */ = {
			isa = XCConfigurationList;
			buildConfigurations = (
				E8EA292922A659DA000DF441 /* Debug */,
				E8EA292A22A659DA000DF441 /* Release */,
			);
			defaultConfigurationIsVisible = 0;
			defaultConfigurationName = Release;
		};
/* End XCConfigurationList section */
	};
	rootObject = E8EA28F222A659D9000DF441 /* Project object */;
}
